
Microsoft Visual Studio Solution File, Format Version 12.00
# Visual Studio Version 17
VisualStudioVersion = 17.8.34330.188
MinimumVisualStudioVersion = 10.0.40219.1
Project("{FAE04EC0-301F-11D3-BF4B-00C04F79EFBC}") = "Server", "Server\Server.csproj", "{CC40A710-48E6-4E78-9277-377954DF69A3}"
EndProject
Global
	GlobalSection(SolutionConfigurationPlatforms) = preSolution
		Debug|Any CPU = Debug|Any CPU
		Release|Any CPU = Release|Any CPU
	EndGlobalSection
	GlobalSection(ProjectConfigurationPlatforms) = postSolution
		{CC40A710-48E6-4E78-9277-377954DF69A3}.Debug|Any CPU.ActiveCfg = Debug|Any CPU
		{CC40A710-48E6-4E78-9277-377954DF69A3}.Debug|Any CPU.Build.0 = Debug|Any CPU
		{CC40A710-48E6-4E78-9277-377954DF69A3}.Release|Any CPU.ActiveCfg = Release|Any CPU
		{CC40A710-48E6-4E78-9277-377954DF69A3}.Release|Any CPU.Build.0 = Release|Any CPU
	EndGlobalSection
	GlobalSection(SolutionProperties) = preSolution
		HideSolutionNode = FALSE
	EndGlobalSection
	GlobalSection(ExtensibilityGlobals) = postSolution
		SolutionGuid = {62BDA973-72EA-4901-8BFF-94AA3210DDA8}
	EndGlobalSection
EndGlobal
